
Microsoft Visual Studio Solution File, Format Version 12.00
# Visual Studio Version 17
VisualStudioVersion = 17.3.32929.385
MinimumVisualStudioVersion = 10.0.40219.1
Project("{FAE04EC0-301F-11D3-BF4B-00C04F79EFBC}") = "ITCommAssignment", "ITCommAssignment\ITCommAssignment.csproj", "{FB32FD0B-101F-4E4B-8851-522E8C1A9FAD}"
EndProject
Global
	GlobalSection(SolutionConfigurationPlatforms) = preSolution
		Debug|Any CPU = Debug|Any CPU
		Release|Any CPU = Release|Any CPU
	EndGlobalSection
	GlobalSection(ProjectConfigurationPlatforms) = postSolution
		{FB32FD0B-101F-4E4B-8851-522E8C1A9FAD}.Debug|Any CPU.ActiveCfg = Debug|Any CPU
		{FB32FD0B-101F-4E4B-8851-522E8C1A9FAD}.Debug|Any CPU.Build.0 = Debug|Any CPU
		{FB32FD0B-101F-4E4B-8851-522E8C1A9FAD}.Release|Any CPU.ActiveCfg = Release|Any CPU
		{FB32FD0B-101F-4E4B-8851-522E8C1A9FAD}.Release|Any CPU.Build.0 = Release|Any CPU
	EndGlobalSection
	GlobalSection(SolutionProperties) = preSolution
		HideSolutionNode = FALSE
	EndGlobalSection
	GlobalSection(ExtensibilityGlobals) = postSolution
		SolutionGuid = {B79CEE88-1D48-487A-8AF3-102D6FBA4954}
	EndGlobalSection
EndGlobal
